
Microsoft Visual Studio Solution File, Format Version 12.00
# Visual Studio 15
VisualStudioVersion = 15.0.27703.2035
MinimumVisualStudioVersion = 10.0.40219.1
Project("{FAE04EC0-301F-11D3-BF4B-00C04F79EFBC}") = "TrackerLibrary", "TrackerLibrary\TrackerLibrary.csproj", "{5DC3708D-583E-4272-94D6-F1C4B1AADDEE}"
EndProject
Global
	GlobalSection(SolutionConfigurationPlatforms) = preSolution
		Debug|Any CPU = Debug|Any CPU
		Release|Any CPU = Release|Any CPU
	EndGlobalSection
	GlobalSection(ProjectConfigurationPlatforms) = postSolution
		{5DC3708D-583E-4272-94D6-F1C4B1AADDEE}.Debug|Any CPU.ActiveCfg = Debug|Any CPU
		{5DC3708D-583E-4272-94D6-F1C4B1AADDEE}.Debug|Any CPU.Build.0 = Debug|Any CPU
		{5DC3708D-583E-4272-94D6-F1C4B1AADDEE}.Release|Any CPU.ActiveCfg = Release|Any CPU
		{5DC3708D-583E-4272-94D6-F1C4B1AADDEE}.Release|Any CPU.Build.0 = Release|Any CPU
	EndGlobalSection
	GlobalSection(SolutionProperties) = preSolution
		HideSolutionNode = FALSE
	EndGlobalSection
	GlobalSection(ExtensibilityGlobals) = postSolution
		SolutionGuid = {67C7C1FD-010C-41AB-BBCD-CCD8CCDF91D7}
	EndGlobalSection
EndGlobal
